
Microsoft Visual Studio Solution File, Format Version 12.00
# Visual Studio 11
Project("{8BC9CEB8-8B4A-11D0-8D11-00A0C91BC942}") = "Device", "Device\contrib\Device.vcxproj", "{1584B5B0-3401-4A53-B7AB-A22850E61C3B}"
EndProject
Project("{8BC9CEB8-8B4A-11D0-8D11-00A0C91BC942}") = "Controller", "Controller\contrib\Controller.vcxproj", "{37D98EC8-0F81-4F96-9DBD-223495C3F611}"
	ProjectSection(ProjectDependencies) = postProject
		{1584B5B0-3401-4A53-B7AB-A22850E61C3B} = {1584B5B0-3401-4A53-B7AB-A22850E61C3B}
	EndProjectSection
EndProject
Global
	GlobalSection(SolutionConfigurationPlatforms) = preSolution
		Debug|ARM = Debug|ARM
		Release|ARM = Release|ARM
	EndGlobalSection
	GlobalSection(ProjectConfigurationPlatforms) = postSolution
		{1584B5B0-3401-4A53-B7AB-A22850E61C3B}.Debug|ARM.ActiveCfg = Debug|ARM
		{1584B5B0-3401-4A53-B7AB-A22850E61C3B}.Debug|ARM.Build.0 = Debug|ARM
		{1584B5B0-3401-4A53-B7AB-A22850E61C3B}.Debug|ARM.Deploy.0 = Debug|ARM
		{1584B5B0-3401-4A53-B7AB-A22850E61C3B}.Release|ARM.ActiveCfg = Release|ARM
		{1584B5B0-3401-4A53-B7AB-A22850E61C3B}.Release|ARM.Build.0 = Release|ARM
		{1584B5B0-3401-4A53-B7AB-A22850E61C3B}.Release|ARM.Deploy.0 = Release|ARM
		{37D98EC8-0F81-4F96-9DBD-223495C3F611}.Debug|ARM.ActiveCfg = Debug|ARM
		{37D98EC8-0F81-4F96-9DBD-223495C3F611}.Debug|ARM.Build.0 = Debug|ARM
		{37D98EC8-0F81-4F96-9DBD-223495C3F611}.Debug|ARM.Deploy.0 = Debug|ARM
		{37D98EC8-0F81-4F96-9DBD-223495C3F611}.Release|ARM.ActiveCfg = Release|ARM
		{37D98EC8-0F81-4F96-9DBD-223495C3F611}.Release|ARM.Build.0 = Release|ARM
		{37D98EC8-0F81-4F96-9DBD-223495C3F611}.Release|ARM.Deploy.0 = Release|ARM
	EndGlobalSection
	GlobalSection(SolutionProperties) = preSolution
		HideSolutionNode = FALSE
	EndGlobalSection
EndGlobal
