<?xml version="1.0" encoding="utf-8"?>
<Project ToolsVersion="4.0" xmlns="http://schemas.microsoft.com/developer/msbuild/2003">
  <ItemGroup>
    <ClCompile Include="..\spb.c">
      <Filter>Sources</Filter>
    </ClCompile>
    <ClCompile Include="..\debug.c">
      <Filter>Sources</Filter>
    </ClCompile>
    <ClCompile Include="..\device.c">
      <Filter>Sources</Filter>
    </ClCompile>
    <ClCompile Include="..\driver.c">
      <Filter>Sources</Filter>
    </ClCompile>
    <ClCompile Include="..\hid.c">
      <Filter>Sources</Filter>
    </ClCompile>
    <ClCompile Include="..\idle.c">
      <Filter>Sources</Filter>
    </ClCompile>
    <ClCompile Include="..\queue.c">
      <Filter>Sources</Filter>
    </ClCompile>
  </ItemGroup>
  <ItemGroup>
    <ClInclude Include="..\..\Include\config.h">
      <Filter>Headers</Filter>
    </ClInclude>
    <ClInclude Include="..\..\Include\controller.h">
      <Filter>Headers</Filter>
    </ClInclude>
    <ClInclude Include="..\..\Include\debug.h">
      <Filter>Headers</Filter>
    </ClInclude>
    <ClInclude Include="..\Include\device.h">
      <Filter>Headers</Filter>
    </ClInclude>
    <ClInclude Include="..\Include\driver.h">
      <Filter>Headers</Filter>
    </ClInclude>
    <ClInclude Include="..\Include\hid.h">
      <Filter>Headers</Filter>
    </ClInclude>
    <ClInclude Include="..\Include\internal.h">
      <Filter>Headers</Filter>
    </ClInclude>
    <ClInclude Include="..\Include\idle.h">
      <Filter>Headers</Filter>
    </ClInclude>
    <ClInclude Include="..\Include\queue.h">
      <Filter>Headers</Filter>
    </ClInclude>
    <ClInclude Include="..\..\Include\spb.h">
      <Filter>Headers</Filter>
    </ClInclude>
    <ClInclude Include="..\..\Include\winphoneabi.h">
      <Filter>Headers</Filter>
    </ClInclude>
    <ClInclude Include="..\Include\hidCommon.h">
      <Filter>Headers</Filter>
    </ClInclude>
  </ItemGroup>
  <ItemGroup>
    <Filter Include="Headers">
      <UniqueIdentifier>{8f5bf0a9-3310-47f5-a539-d4c7bfcedcb2}</UniqueIdentifier>
    </Filter>
    <Filter Include="Sources">
      <UniqueIdentifier>{c01036b0-7661-4619-8c9b-e38ff65bbf16}</UniqueIdentifier>
    </Filter>
  </ItemGroup>
</Project>